
Microsoft Visual Studio Solution File, Format Version 12.00
# Visual Studio Version 17
VisualStudioVersion = 17.8.34525.116
MinimumVisualStudioVersion = 10.0.40219.1
Project("{FAE04EC0-301F-11D3-BF4B-00C04F79EFBC}") = "Un", "Un\Un.csproj", "{110D0A71-2599-49EC-8ADB-F07A35D4D9F0}"
EndProject
Project("{FAE04EC0-301F-11D3-BF4B-00C04F79EFBC}") = "Deux", "Deux\Deux.csproj", "{8BF388FE-D876-4C13-805F-C11AD0D3045E}"
EndProject
Project("{FAE04EC0-301F-11D3-BF4B-00C04F79EFBC}") = "Trois", "Trois\Trois.csproj", "{9E938EA8-3C00-4E9E-A56F-94711D00CA39}"
EndProject
Project("{FAE04EC0-301F-11D3-BF4B-00C04F79EFBC}") = "Quatre", "Quatre\Quatre.csproj", "{CA6E9E75-AA7E-4790-9753-67745A42BEBA}"
EndProject
Project("{FAE04EC0-301F-11D3-BF4B-00C04F79EFBC}") = "Cinq", "Cinq\Cinq.csproj", "{A6F192F5-45DD-4223-9685-169D464B7EFF}"
EndProject
Global
	GlobalSection(SolutionConfigurationPlatforms) = preSolution
		Debug|Any CPU = Debug|Any CPU
		Release|Any CPU = Release|Any CPU
	EndGlobalSection
	GlobalSection(ProjectConfigurationPlatforms) = postSolution
		{110D0A71-2599-49EC-8ADB-F07A35D4D9F0}.Debug|Any CPU.ActiveCfg = Debug|Any CPU
		{110D0A71-2599-49EC-8ADB-F07A35D4D9F0}.Debug|Any CPU.Build.0 = Debug|Any CPU
		{110D0A71-2599-49EC-8ADB-F07A35D4D9F0}.Release|Any CPU.ActiveCfg = Release|Any CPU
		{110D0A71-2599-49EC-8ADB-F07A35D4D9F0}.Release|Any CPU.Build.0 = Release|Any CPU
		{8BF388FE-D876-4C13-805F-C11AD0D3045E}.Debug|Any CPU.ActiveCfg = Debug|Any CPU
		{8BF388FE-D876-4C13-805F-C11AD0D3045E}.Debug|Any CPU.Build.0 = Debug|Any CPU
		{8BF388FE-D876-4C13-805F-C11AD0D3045E}.Release|Any CPU.ActiveCfg = Release|Any CPU
		{8BF388FE-D876-4C13-805F-C11AD0D3045E}.Release|Any CPU.Build.0 = Release|Any CPU
		{9E938EA8-3C00-4E9E-A56F-94711D00CA39}.Debug|Any CPU.ActiveCfg = Debug|Any CPU
		{9E938EA8-3C00-4E9E-A56F-94711D00CA39}.Debug|Any CPU.Build.0 = Debug|Any CPU
		{9E938EA8-3C00-4E9E-A56F-94711D00CA39}.Release|Any CPU.ActiveCfg = Release|Any CPU
		{9E938EA8-3C00-4E9E-A56F-94711D00CA39}.Release|Any CPU.Build.0 = Release|Any CPU
		{CA6E9E75-AA7E-4790-9753-67745A42BEBA}.Debug|Any CPU.ActiveCfg = Debug|Any CPU
		{CA6E9E75-AA7E-4790-9753-67745A42BEBA}.Debug|Any CPU.Build.0 = Debug|Any CPU
		{CA6E9E75-AA7E-4790-9753-67745A42BEBA}.Release|Any CPU.ActiveCfg = Release|Any CPU
		{CA6E9E75-AA7E-4790-9753-67745A42BEBA}.Release|Any CPU.Build.0 = Release|Any CPU
		{A6F192F5-45DD-4223-9685-169D464B7EFF}.Debug|Any CPU.ActiveCfg = Debug|Any CPU
		{A6F192F5-45DD-4223-9685-169D464B7EFF}.Debug|Any CPU.Build.0 = Debug|Any CPU
		{A6F192F5-45DD-4223-9685-169D464B7EFF}.Release|Any CPU.ActiveCfg = Release|Any CPU
		{A6F192F5-45DD-4223-9685-169D464B7EFF}.Release|Any CPU.Build.0 = Release|Any CPU
	EndGlobalSection
	GlobalSection(SolutionProperties) = preSolution
		HideSolutionNode = FALSE
	EndGlobalSection
	GlobalSection(ExtensibilityGlobals) = postSolution
		SolutionGuid = {BE2371FC-DCA8-4439-89DD-2FA41C062DE9}
	EndGlobalSection
EndGlobal
